
Microsoft Visual Studio Solution File, Format Version 12.00
# Visual Studio Version 17
VisualStudioVersion = 17.1.32319.34
MinimumVisualStudioVersion = 10.0.40219.1
Project("{8BC9CEB8-8B4A-11D0-8D11-00A0C91BC942}") = "BlackBox", "OOP_practice\OOP_practice.vcxproj", "{59952578-B6F6-4337-ACC9-F1A1C4027113}"
EndProject
Project("{8BC9CEB8-8B4A-11D0-8D11-00A0C91BC942}") = "BlackBoxRandomGuess", "BlackBoxRandomGuess\BlackBoxRandomGuess.vcxproj", "{02B072E4-D8AE-4C81-AB9E-69304491F6D3}"
EndProject
Project("{8BC9CEB8-8B4A-11D0-8D11-00A0C91BC942}") = "MyString", "MyString\MyString.vcxproj", "{B1DCA839-7874-44E1-B6DB-45F1E26E1386}"
EndProject
Project("{8BC9CEB8-8B4A-11D0-8D11-00A0C91BC942}") = "Hangman", "Hangman\Hangman.vcxproj", "{12C7B358-9773-4876-B5AF-1C038A225929}"
EndProject
Global
	GlobalSection(SolutionConfigurationPlatforms) = preSolution
		Debug|x64 = Debug|x64
		Debug|x86 = Debug|x86
		Release|x64 = Release|x64
		Release|x86 = Release|x86
	EndGlobalSection
	GlobalSection(ProjectConfigurationPlatforms) = postSolution
		{59952578-B6F6-4337-ACC9-F1A1C4027113}.Debug|x64.ActiveCfg = Debug|x64
		{59952578-B6F6-4337-ACC9-F1A1C4027113}.Debug|x64.Build.0 = Debug|x64
		{59952578-B6F6-4337-ACC9-F1A1C4027113}.Debug|x86.ActiveCfg = Debug|Win32
		{59952578-B6F6-4337-ACC9-F1A1C4027113}.Debug|x86.Build.0 = Debug|Win32
		{59952578-B6F6-4337-ACC9-F1A1C4027113}.Release|x64.ActiveCfg = Release|x64
		{59952578-B6F6-4337-ACC9-F1A1C4027113}.Release|x64.Build.0 = Release|x64
		{59952578-B6F6-4337-ACC9-F1A1C4027113}.Release|x86.ActiveCfg = Release|Win32
		{59952578-B6F6-4337-ACC9-F1A1C4027113}.Release|x86.Build.0 = Release|Win32
		{02B072E4-D8AE-4C81-AB9E-69304491F6D3}.Debug|x64.ActiveCfg = Debug|x64
		{02B072E4-D8AE-4C81-AB9E-69304491F6D3}.Debug|x64.Build.0 = Debug|x64
		{02B072E4-D8AE-4C81-AB9E-69304491F6D3}.Debug|x86.ActiveCfg = Debug|Win32
		{02B072E4-D8AE-4C81-AB9E-69304491F6D3}.Debug|x86.Build.0 = Debug|Win32
		{02B072E4-D8AE-4C81-AB9E-69304491F6D3}.Release|x64.ActiveCfg = Release|x64
		{02B072E4-D8AE-4C81-AB9E-69304491F6D3}.Release|x64.Build.0 = Release|x64
		{02B072E4-D8AE-4C81-AB9E-69304491F6D3}.Release|x86.ActiveCfg = Release|Win32
		{02B072E4-D8AE-4C81-AB9E-69304491F6D3}.Release|x86.Build.0 = Release|Win32
		{B1DCA839-7874-44E1-B6DB-45F1E26E1386}.Debug|x64.ActiveCfg = Debug|x64
		{B1DCA839-7874-44E1-B6DB-45F1E26E1386}.Debug|x64.Build.0 = Debug|x64
		{B1DCA839-7874-44E1-B6DB-45F1E26E1386}.Debug|x86.ActiveCfg = Debug|Win32
		{B1DCA839-7874-44E1-B6DB-45F1E26E1386}.Debug|x86.Build.0 = Debug|Win32
		{B1DCA839-7874-44E1-B6DB-45F1E26E1386}.Release|x64.ActiveCfg = Release|x64
		{B1DCA839-7874-44E1-B6DB-45F1E26E1386}.Release|x64.Build.0 = Release|x64
		{B1DCA839-7874-44E1-B6DB-45F1E26E1386}.Release|x86.ActiveCfg = Release|Win32
		{B1DCA839-7874-44E1-B6DB-45F1E26E1386}.Release|x86.Build.0 = Release|Win32
		{12C7B358-9773-4876-B5AF-1C038A225929}.Debug|x64.ActiveCfg = Debug|x64
		{12C7B358-9773-4876-B5AF-1C038A225929}.Debug|x64.Build.0 = Debug|x64
		{12C7B358-9773-4876-B5AF-1C038A225929}.Debug|x86.ActiveCfg = Debug|Win32
		{12C7B358-9773-4876-B5AF-1C038A225929}.Debug|x86.Build.0 = Debug|Win32
		{12C7B358-9773-4876-B5AF-1C038A225929}.Release|x64.ActiveCfg = Release|x64
		{12C7B358-9773-4876-B5AF-1C038A225929}.Release|x64.Build.0 = Release|x64
		{12C7B358-9773-4876-B5AF-1C038A225929}.Release|x86.ActiveCfg = Release|Win32
		{12C7B358-9773-4876-B5AF-1C038A225929}.Release|x86.Build.0 = Release|Win32
	EndGlobalSection
	GlobalSection(SolutionProperties) = preSolution
		HideSolutionNode = FALSE
	EndGlobalSection
	GlobalSection(ExtensibilityGlobals) = postSolution
		SolutionGuid = {B81F069B-9F79-43D1-A043-E5797BB12FFC}
	EndGlobalSection
EndGlobal
